
Microsoft Visual Studio Solution File, Format Version 12.00
# Visual Studio Version 16
VisualStudioVersion = 16.0.34301.259
MinimumVisualStudioVersion = 10.0.40219.1
Project("{FAE04EC0-301F-11D3-BF4B-00C04F79EFBC}") = "TextBoxDemo", "TextBoxDemo.csproj", "{019CF1E3-ADD1-45F3-B568-8EFA0679303E}"
EndProject
Global
	GlobalSection(SolutionConfigurationPlatforms) = preSolution
		Debug|Any CPU = Debug|Any CPU
		Release|Any CPU = Release|Any CPU
	EndGlobalSection
	GlobalSection(ProjectConfigurationPlatforms) = postSolution
		{019CF1E3-ADD1-45F3-B568-8EFA0679303E}.Debug|Any CPU.ActiveCfg = Debug|Any CPU
		{019CF1E3-ADD1-45F3-B568-8EFA0679303E}.Debug|Any CPU.Build.0 = Debug|Any CPU
		{019CF1E3-ADD1-45F3-B568-8EFA0679303E}.Release|Any CPU.ActiveCfg = Release|Any CPU
		{019CF1E3-ADD1-45F3-B568-8EFA0679303E}.Release|Any CPU.Build.0 = Release|Any CPU
	EndGlobalSection
	GlobalSection(SolutionProperties) = preSolution
		HideSolutionNode = FALSE
	EndGlobalSection
	GlobalSection(ExtensibilityGlobals) = postSolution
		SolutionGuid = {C8F30037-B5FF-4552-AF5D-2D2529561BC4}
	EndGlobalSection
EndGlobal
